
Microsoft Visual Studio Solution File, Format Version 12.00
# Visual Studio Version 17
VisualStudioVersion = 17.5.002.0
MinimumVisualStudioVersion = 10.0.40219.1
Project("{9A19103F-16F7-4668-BE54-9A1E7A4F7556}") = "Starter", "Starter.csproj", "{14B12E4F-1ABF-49BD-9BEC-BC86D7AD8659}"
EndProject
Global
	GlobalSection(SolutionConfigurationPlatforms) = preSolution
		Debug|Any CPU = Debug|Any CPU
		Release|Any CPU = Release|Any CPU
	EndGlobalSection
	GlobalSection(ProjectConfigurationPlatforms) = postSolution
		{14B12E4F-1ABF-49BD-9BEC-BC86D7AD8659}.Debug|Any CPU.ActiveCfg = Debug|Any CPU
		{14B12E4F-1ABF-49BD-9BEC-BC86D7AD8659}.Debug|Any CPU.Build.0 = Debug|Any CPU
		{14B12E4F-1ABF-49BD-9BEC-BC86D7AD8659}.Release|Any CPU.ActiveCfg = Release|Any CPU
		{14B12E4F-1ABF-49BD-9BEC-BC86D7AD8659}.Release|Any CPU.Build.0 = Release|Any CPU
	EndGlobalSection
	GlobalSection(SolutionProperties) = preSolution
		HideSolutionNode = FALSE
	EndGlobalSection
	GlobalSection(ExtensibilityGlobals) = postSolution
		SolutionGuid = {5DA119A4-D4EB-4864-B18A-6D6EFFF0654A}
	EndGlobalSection
EndGlobal
